
Microsoft Visual Studio Solution File, Format Version 12.00
# Visual Studio Version 16
VisualStudioVersion = 16.0.29609.76
MinimumVisualStudioVersion = 10.0.40219.1
Project("{FAE04EC0-301F-11D3-BF4B-00C04F79EFBC}") = "AuroraConfigAssistant", "JSON validator\AuroraConfigAssistant.csproj", "{16C69CE4-7EBE-4A5E-BA89-3962A09ABA8D}"
EndProject
Global
	GlobalSection(SolutionConfigurationPlatforms) = preSolution
		Debug|Any CPU = Debug|Any CPU
		Release|Any CPU = Release|Any CPU
	EndGlobalSection
	GlobalSection(ProjectConfigurationPlatforms) = postSolution
		{16C69CE4-7EBE-4A5E-BA89-3962A09ABA8D}.Debug|Any CPU.ActiveCfg = Debug|Any CPU
		{16C69CE4-7EBE-4A5E-BA89-3962A09ABA8D}.Debug|Any CPU.Build.0 = Debug|Any CPU
		{16C69CE4-7EBE-4A5E-BA89-3962A09ABA8D}.Release|Any CPU.ActiveCfg = Release|Any CPU
		{16C69CE4-7EBE-4A5E-BA89-3962A09ABA8D}.Release|Any CPU.Build.0 = Release|Any CPU
	EndGlobalSection
	GlobalSection(SolutionProperties) = preSolution
		HideSolutionNode = FALSE
	EndGlobalSection
	GlobalSection(ExtensibilityGlobals) = postSolution
		SolutionGuid = {7A74A911-8C4B-4783-A790-2A9582090E7A}
	EndGlobalSection
EndGlobal
